// !$*UTF8*$!
{
	archiveVersion = 1;
	classes = {
	};
	objectVersion = 56;
	objects = {

/* Begin PBXBuildFile section */
		CFB4DF382A8B582600AE1CDC /* AppDelegate.swift in Sources */ = {isa = PBXBuildFile; fileRef = CFB4DF372A8B582600AE1CDC /* AppDelegate.swift */; };
		CFB4DF3A2A8B582600AE1CDC /* SceneDelegate.swift in Sources */ = {isa = PBXBuildFile; fileRef = CFB4DF392A8B582600AE1CDC /* SceneDelegate.swift */; };
		CFB4DF3C2A8B582600AE1CDC /* MainViewController.swift in Sources */ = {isa = PBXBuildFile; fileRef = CFB4DF3B2A8B582600AE1CDC /* MainViewController.swift */; };
		CFB4DF412A8B582700AE1CDC /* Assets.xcassets in Resources */ = {isa = PBXBuildFile; fileRef = CFB4DF402A8B582700AE1CDC /* Assets.xcassets */; };
		CFB4DF442A8B582700AE1CDC /* LaunchScreen.storyboard in Resources */ = {isa = PBXBuildFile; fileRef = CFB4DF422A8B582700AE1CDC /* LaunchScreen.storyboard */; };
		CFB4DF512A8B67CB00AE1CDC /* AppCoordinator.swift in Sources */ = {isa = PBXBuildFile; fileRef = CFB4DF502A8B67CB00AE1CDC /* AppCoordinator.swift */; };
		CFB4DF552A8B680400AE1CDC /* Coordinator.swift in Sources */ = {isa = PBXBuildFile; fileRef = CFB4DF542A8B680400AE1CDC /* Coordinator.swift */; };
		CFB4DF582A8B685200AE1CDC /* BaseCoordinator.swift in Sources */ = {isa = PBXBuildFile; fileRef = CFB4DF572A8B685200AE1CDC /* BaseCoordinator.swift */; };
		CFB4DF5A2A8B685900AE1CDC /* Router.swift in Sources */ = {isa = PBXBuildFile; fileRef = CFB4DF592A8B685900AE1CDC /* Router.swift */; };
		CFB4DF5C2A8B686600AE1CDC /* Routable.swift in Sources */ = {isa = PBXBuildFile; fileRef = CFB4DF5B2A8B686600AE1CDC /* Routable.swift */; };
		CFB4DF5F2A8B68BA00AE1CDC /* Typealiases.swift in Sources */ = {isa = PBXBuildFile; fileRef = CFB4DF5E2A8B68BA00AE1CDC /* Typealiases.swift */; };
		CFB4DF622A8B69EC00AE1CDC /* DIContainer.swift in Sources */ = {isa = PBXBuildFile; fileRef = CFB4DF612A8B69EC00AE1CDC /* DIContainer.swift */; };
		CFB4DF642A8B69FE00AE1CDC /* Injected.swift in Sources */ = {isa = PBXBuildFile; fileRef = CFB4DF632A8B69FE00AE1CDC /* Injected.swift */; };
		CFB4DF662A8B6A0400AE1CDC /* Scope.swift in Sources */ = {isa = PBXBuildFile; fileRef = CFB4DF652A8B6A0400AE1CDC /* Scope.swift */; };
		CFB4DF692A8B6AA000AE1CDC /* CalendarCoordinator.swift in Sources */ = {isa = PBXBuildFile; fileRef = CFB4DF682A8B6AA000AE1CDC /* CalendarCoordinator.swift */; };
		CFB4DF6C2A8B6CBF00AE1CDC /* LayoutDSL.swift in Sources */ = {isa = PBXBuildFile; fileRef = CFB4DF6B2A8B6CBF00AE1CDC /* LayoutDSL.swift */; };
		CFB4DF712A8B741D00AE1CDC /* Stylable.swift in Sources */ = {isa = PBXBuildFile; fileRef = CFB4DF702A8B741D00AE1CDC /* Stylable.swift */; };
		CFB4DF732A8B74ED00AE1CDC /* Stylable+UIControl.swift in Sources */ = {isa = PBXBuildFile; fileRef = CFB4DF722A8B74ED00AE1CDC /* Stylable+UIControl.swift */; };
		CFB4DF752A8B770300AE1CDC /* Stylable+UIView.swift in Sources */ = {isa = PBXBuildFile; fileRef = CFB4DF742A8B770300AE1CDC /* Stylable+UIView.swift */; };
		CFB4DF772A8B77DE00AE1CDC /* Stylabe+UIDatePicker.swift in Sources */ = {isa = PBXBuildFile; fileRef = CFB4DF762A8B77DE00AE1CDC /* Stylabe+UIDatePicker.swift */; };
		CFB4DF792A8B78D000AE1CDC /* Stylable+UITextField.swift in Sources */ = {isa = PBXBuildFile; fileRef = CFB4DF782A8B78D000AE1CDC /* Stylable+UITextField.swift */; };
		CFB4DF7B2A8B791E00AE1CDC /* Stylable+UILabel.swift in Sources */ = {isa = PBXBuildFile; fileRef = CFB4DF7A2A8B791E00AE1CDC /* Stylable+UILabel.swift */; };
		CFB4DF7D2A8B794F00AE1CDC /* Stylable+UIStackView.swift in Sources */ = {isa = PBXBuildFile; fileRef = CFB4DF7C2A8B794F00AE1CDC /* Stylable+UIStackView.swift */; };
		CFB4DF7F2A8B797C00AE1CDC /* Stylable+UIButton.swift in Sources */ = {isa = PBXBuildFile; fileRef = CFB4DF7E2A8B797C00AE1CDC /* Stylable+UIButton.swift */; };
/* End PBXBuildFile section */

/* Begin PBXFileReference section */
		CFB4DF342A8B582600AE1CDC /* Caly.app */ = {isa = PBXFileReference; explicitFileType = wrapper.application; includeInIndex = 0; path = Caly.app; sourceTree = BUILT_PRODUCTS_DIR; };
		CFB4DF372A8B582600AE1CDC /* AppDelegate.swift */ = {isa = PBXFileReference; lastKnownFileType = sourcecode.swift; path = AppDelegate.swift; sourceTree = "<group>"; };
		CFB4DF392A8B582600AE1CDC /* SceneDelegate.swift */ = {isa = PBXFileReference; lastKnownFileType = sourcecode.swift; path = SceneDelegate.swift; sourceTree = "<group>"; };
		CFB4DF3B2A8B582600AE1CDC /* MainViewController.swift */ = {isa = PBXFileReference; lastKnownFileType = sourcecode.swift; path = MainViewController.swift; sourceTree = "<group>"; };
		CFB4DF402A8B582700AE1CDC /* Assets.xcassets */ = {isa = PBXFileReference; lastKnownFileType = folder.assetcatalog; path = Assets.xcassets; sourceTree = "<group>"; };
		CFB4DF432A8B582700AE1CDC /* Base */ = {isa = PBXFileReference; lastKnownFileType = file.storyboard; name = Base; path = Base.lproj/LaunchScreen.storyboard; sourceTree = "<group>"; };
		CFB4DF452A8B582700AE1CDC /* Info.plist */ = {isa = PBXFileReference; lastKnownFileType = text.plist.xml; path = Info.plist; sourceTree = "<group>"; };
		CFB4DF502A8B67CB00AE1CDC /* AppCoordinator.swift */ = {isa = PBXFileReference; lastKnownFileType = sourcecode.swift; path = AppCoordinator.swift; sourceTree = "<group>"; };
		CFB4DF542A8B680400AE1CDC /* Coordinator.swift */ = {isa = PBXFileReference; lastKnownFileType = sourcecode.swift; path = Coordinator.swift; sourceTree = "<group>"; };
		CFB4DF572A8B685200AE1CDC /* BaseCoordinator.swift */ = {isa = PBXFileReference; lastKnownFileType = sourcecode.swift; path = BaseCoordinator.swift; sourceTree = "<group>"; };
		CFB4DF592A8B685900AE1CDC /* Router.swift */ = {isa = PBXFileReference; lastKnownFileType = sourcecode.swift; path = Router.swift; sourceTree = "<group>"; };
		CFB4DF5B2A8B686600AE1CDC /* Routable.swift */ = {isa = PBXFileReference; lastKnownFileType = sourcecode.swift; path = Routable.swift; sourceTree = "<group>"; };
		CFB4DF5E2A8B68BA00AE1CDC /* Typealiases.swift */ = {isa = PBXFileReference; lastKnownFileType = sourcecode.swift; path = Typealiases.swift; sourceTree = "<group>"; };
		CFB4DF612A8B69EC00AE1CDC /* DIContainer.swift */ = {isa = PBXFileReference; lastKnownFileType = sourcecode.swift; path = DIContainer.swift; sourceTree = "<group>"; };
		CFB4DF632A8B69FE00AE1CDC /* Injected.swift */ = {isa = PBXFileReference; lastKnownFileType = sourcecode.swift; path = Injected.swift; sourceTree = "<group>"; };
		CFB4DF652A8B6A0400AE1CDC /* Scope.swift */ = {isa = PBXFileReference; lastKnownFileType = sourcecode.swift; path = Scope.swift; sourceTree = "<group>"; };
		CFB4DF682A8B6AA000AE1CDC /* CalendarCoordinator.swift */ = {isa = PBXFileReference; lastKnownFileType = sourcecode.swift; path = CalendarCoordinator.swift; sourceTree = "<group>"; };
		CFB4DF6B2A8B6CBF00AE1CDC /* LayoutDSL.swift */ = {isa = PBXFileReference; lastKnownFileType = sourcecode.swift; path = LayoutDSL.swift; sourceTree = "<group>"; };
		CFB4DF702A8B741D00AE1CDC /* Stylable.swift */ = {isa = PBXFileReference; lastKnownFileType = sourcecode.swift; path = Stylable.swift; sourceTree = "<group>"; };
		CFB4DF722A8B74ED00AE1CDC /* Stylable+UIControl.swift */ = {isa = PBXFileReference; lastKnownFileType = sourcecode.swift; path = "Stylable+UIControl.swift"; sourceTree = "<group>"; };
		CFB4DF742A8B770300AE1CDC /* Stylable+UIView.swift */ = {isa = PBXFileReference; lastKnownFileType = sourcecode.swift; path = "Stylable+UIView.swift"; sourceTree = "<group>"; };
		CFB4DF762A8B77DE00AE1CDC /* Stylabe+UIDatePicker.swift */ = {isa = PBXFileReference; lastKnownFileType = sourcecode.swift; path = "Stylabe+UIDatePicker.swift"; sourceTree = "<group>"; };
		CFB4DF782A8B78D000AE1CDC /* Stylable+UITextField.swift */ = {isa = PBXFileReference; lastKnownFileType = sourcecode.swift; path = "Stylable+UITextField.swift"; sourceTree = "<group>"; };
		CFB4DF7A2A8B791E00AE1CDC /* Stylable+UILabel.swift */ = {isa = PBXFileReference; lastKnownFileType = sourcecode.swift; path = "Stylable+UILabel.swift"; sourceTree = "<group>"; };
		CFB4DF7C2A8B794F00AE1CDC /* Stylable+UIStackView.swift */ = {isa = PBXFileReference; lastKnownFileType = sourcecode.swift; path = "Stylable+UIStackView.swift"; sourceTree = "<group>"; };
		CFB4DF7E2A8B797C00AE1CDC /* Stylable+UIButton.swift */ = {isa = PBXFileReference; lastKnownFileType = sourcecode.swift; path = "Stylable+UIButton.swift"; sourceTree = "<group>"; };
/* End PBXFileReference section */

/* Begin PBXFrameworksBuildPhase section */
		CFB4DF312A8B582600AE1CDC /* Frameworks */ = {
			isa = PBXFrameworksBuildPhase;
			buildActionMask = 2147483647;
			files = (
			);
			runOnlyForDeploymentPostprocessing = 0;
		};
/* End PBXFrameworksBuildPhase section */

/* Begin PBXGroup section */
		CFB4DF2B2A8B582500AE1CDC = {
			isa = PBXGroup;
			children = (
				CFB4DF362A8B582600AE1CDC /* Caly */,
				CFB4DF352A8B582600AE1CDC /* Products */,
			);
			sourceTree = "<group>";
		};
		CFB4DF352A8B582600AE1CDC /* Products */ = {
			isa = PBXGroup;
			children = (
				CFB4DF342A8B582600AE1CDC /* Caly.app */,
			);
			name = Products;
			sourceTree = "<group>";
		};
		CFB4DF362A8B582600AE1CDC /* Caly */ = {
			isa = PBXGroup;
			children = (
				CFB4DF6D2A8B73BB00AE1CDC /* DesignSystem */,
				CFB4DF562A8B682900AE1CDC /* Core */,
				CFB4DF4F2A8B679600AE1CDC /* AppBase */,
				CFB4DF4D2A8B669900AE1CDC /* CalendarFeature */,
				CFB4DF4C2A8B668900AE1CDC /* SupportingFiles */,
				CFB4DF4B2A8B665900AE1CDC /* Resources */,
			);
			path = Caly;
			sourceTree = "<group>";
		};
		CFB4DF4B2A8B665900AE1CDC /* Resources */ = {
			isa = PBXGroup;
			children = (
				CFB4DF402A8B582700AE1CDC /* Assets.xcassets */,
			);
			path = Resources;
			sourceTree = "<group>";
		};
		CFB4DF4C2A8B668900AE1CDC /* SupportingFiles */ = {
			isa = PBXGroup;
			children = (
				CFB4DF422A8B582700AE1CDC /* LaunchScreen.storyboard */,
				CFB4DF452A8B582700AE1CDC /* Info.plist */,
			);
			path = SupportingFiles;
			sourceTree = "<group>";
		};
		CFB4DF4D2A8B669900AE1CDC /* CalendarFeature */ = {
			isa = PBXGroup;
			children = (
				CFB4DF672A8B6A9300AE1CDC /* Shared */,
				CFB4DF4E2A8B66B700AE1CDC /* MainScene */,
			);
			path = CalendarFeature;
			sourceTree = "<group>";
		};
		CFB4DF4E2A8B66B700AE1CDC /* MainScene */ = {
			isa = PBXGroup;
			children = (
				CFB4DF3B2A8B582600AE1CDC /* MainViewController.swift */,
			);
			path = MainScene;
			sourceTree = "<group>";
		};
		CFB4DF4F2A8B679600AE1CDC /* AppBase */ = {
			isa = PBXGroup;
			children = (
				CFB4DF372A8B582600AE1CDC /* AppDelegate.swift */,
				CFB4DF392A8B582600AE1CDC /* SceneDelegate.swift */,
				CFB4DF502A8B67CB00AE1CDC /* AppCoordinator.swift */,
			);
			path = AppBase;
			sourceTree = "<group>";
		};
		CFB4DF522A8B67DD00AE1CDC /* Utils */ = {
			isa = PBXGroup;
			children = (
				CFB4DF602A8B699A00AE1CDC /* DI */,
				CFB4DF5D2A8B687A00AE1CDC /* Miscellaneous */,
				CFB4DF532A8B67F100AE1CDC /* Navigation */,
			);
			path = Utils;
			sourceTree = "<group>";
		};
		CFB4DF532A8B67F100AE1CDC /* Navigation */ = {
			isa = PBXGroup;
			children = (
				CFB4DF542A8B680400AE1CDC /* Coordinator.swift */,
				CFB4DF572A8B685200AE1CDC /* BaseCoordinator.swift */,
				CFB4DF592A8B685900AE1CDC /* Router.swift */,
				CFB4DF5B2A8B686600AE1CDC /* Routable.swift */,
			);
			path = Navigation;
			sourceTree = "<group>";
		};
		CFB4DF562A8B682900AE1CDC /* Core */ = {
			isa = PBXGroup;
			children = (
				CFB4DF522A8B67DD00AE1CDC /* Utils */,
			);
			path = Core;
			sourceTree = "<group>";
		};
		CFB4DF5D2A8B687A00AE1CDC /* Miscellaneous */ = {
			isa = PBXGroup;
			children = (
				CFB4DF5E2A8B68BA00AE1CDC /* Typealiases.swift */,
			);
			path = Miscellaneous;
			sourceTree = "<group>";
		};
		CFB4DF602A8B699A00AE1CDC /* DI */ = {
			isa = PBXGroup;
			children = (
				CFB4DF612A8B69EC00AE1CDC /* DIContainer.swift */,
				CFB4DF632A8B69FE00AE1CDC /* Injected.swift */,
				CFB4DF652A8B6A0400AE1CDC /* Scope.swift */,
			);
			path = DI;
			sourceTree = "<group>";
		};
		CFB4DF672A8B6A9300AE1CDC /* Shared */ = {
			isa = PBXGroup;
			children = (
				CFB4DF682A8B6AA000AE1CDC /* CalendarCoordinator.swift */,
			);
			path = Shared;
			sourceTree = "<group>";
		};
		CFB4DF6D2A8B73BB00AE1CDC /* DesignSystem */ = {
			isa = PBXGroup;
			children = (
				CFB4DF6F2A8B740900AE1CDC /* Layout */,
				CFB4DF6E2A8B73DD00AE1CDC /* Styler */,
			);
			path = DesignSystem;
			sourceTree = "<group>";
		};
		CFB4DF6E2A8B73DD00AE1CDC /* Styler */ = {
			isa = PBXGroup;
			children = (
				CFB4DF702A8B741D00AE1CDC /* Stylable.swift */,
				CFB4DF722A8B74ED00AE1CDC /* Stylable+UIControl.swift */,
				CFB4DF742A8B770300AE1CDC /* Stylable+UIView.swift */,
				CFB4DF762A8B77DE00AE1CDC /* Stylabe+UIDatePicker.swift */,
				CFB4DF782A8B78D000AE1CDC /* Stylable+UITextField.swift */,
				CFB4DF7A2A8B791E00AE1CDC /* Stylable+UILabel.swift */,
				CFB4DF7C2A8B794F00AE1CDC /* Stylable+UIStackView.swift */,
				CFB4DF7E2A8B797C00AE1CDC /* Stylable+UIButton.swift */,
			);
			path = Styler;
			sourceTree = "<group>";
		};
		CFB4DF6F2A8B740900AE1CDC /* Layout */ = {
			isa = PBXGroup;
			children = (
				CFB4DF6B2A8B6CBF00AE1CDC /* LayoutDSL.swift */,
			);
			path = Layout;
			sourceTree = "<group>";
		};
/* End PBXGroup section */

/* Begin PBXNativeTarget section */
		CFB4DF332A8B582600AE1CDC /* Caly */ = {
			isa = PBXNativeTarget;
			buildConfigurationList = CFB4DF482A8B582700AE1CDC /* Build configuration list for PBXNativeTarget "Caly" */;
			buildPhases = (
				CFB4DF302A8B582600AE1CDC /* Sources */,
				CFB4DF312A8B582600AE1CDC /* Frameworks */,
				CFB4DF322A8B582600AE1CDC /* Resources */,
			);
			buildRules = (
			);
			dependencies = (
			);
			name = Caly;
			productName = Caly;
			productReference = CFB4DF342A8B582600AE1CDC /* Caly.app */;
			productType = "com.apple.product-type.application";
		};
/* End PBXNativeTarget section */

/* Begin PBXProject section */
		CFB4DF2C2A8B582500AE1CDC /* Project object */ = {
			isa = PBXProject;
			attributes = {
				BuildIndependentTargetsInParallel = 1;
				LastSwiftUpdateCheck = 1430;
				LastUpgradeCheck = 1430;
				TargetAttributes = {
					CFB4DF332A8B582600AE1CDC = {
						CreatedOnToolsVersion = 14.3.1;
					};
				};
			};
			buildConfigurationList = CFB4DF2F2A8B582500AE1CDC /* Build configuration list for PBXProject "Caly" */;
			compatibilityVersion = "Xcode 14.0";
			developmentRegion = en;
			hasScannedForEncodings = 0;
			knownRegions = (
				en,
				Base,
			);
			mainGroup = CFB4DF2B2A8B582500AE1CDC;
			productRefGroup = CFB4DF352A8B582600AE1CDC /* Products */;
			projectDirPath = "";
			projectRoot = "";
			targets = (
				CFB4DF332A8B582600AE1CDC /* Caly */,
			);
		};
/* End PBXProject section */

/* Begin PBXResourcesBuildPhase section */
		CFB4DF322A8B582600AE1CDC /* Resources */ = {
			isa = PBXResourcesBuildPhase;
			buildActionMask = 2147483647;
			files = (
				CFB4DF442A8B582700AE1CDC /* LaunchScreen.storyboard in Resources */,
				CFB4DF412A8B582700AE1CDC /* Assets.xcassets in Resources */,
			);
			runOnlyForDeploymentPostprocessing = 0;
		};
/* End PBXResourcesBuildPhase section */

/* Begin PBXSourcesBuildPhase section */
		CFB4DF302A8B582600AE1CDC /* Sources */ = {
			isa = PBXSourcesBuildPhase;
			buildActionMask = 2147483647;
			files = (
				CFB4DF752A8B770300AE1CDC /* Stylable+UIView.swift in Sources */,
				CFB4DF692A8B6AA000AE1CDC /* CalendarCoordinator.swift in Sources */,
				CFB4DF512A8B67CB00AE1CDC /* AppCoordinator.swift in Sources */,
				CFB4DF7D2A8B794F00AE1CDC /* Stylable+UIStackView.swift in Sources */,
				CFB4DF582A8B685200AE1CDC /* BaseCoordinator.swift in Sources */,
				CFB4DF622A8B69EC00AE1CDC /* DIContainer.swift in Sources */,
				CFB4DF792A8B78D000AE1CDC /* Stylable+UITextField.swift in Sources */,
				CFB4DF642A8B69FE00AE1CDC /* Injected.swift in Sources */,
				CFB4DF6C2A8B6CBF00AE1CDC /* LayoutDSL.swift in Sources */,
				CFB4DF712A8B741D00AE1CDC /* Stylable.swift in Sources */,
				CFB4DF662A8B6A0400AE1CDC /* Scope.swift in Sources */,
				CFB4DF3C2A8B582600AE1CDC /* MainViewController.swift in Sources */,
				CFB4DF772A8B77DE00AE1CDC /* Stylabe+UIDatePicker.swift in Sources */,
				CFB4DF5A2A8B685900AE1CDC /* Router.swift in Sources */,
				CFB4DF552A8B680400AE1CDC /* Coordinator.swift in Sources */,
				CFB4DF5F2A8B68BA00AE1CDC /* Typealiases.swift in Sources */,
				CFB4DF382A8B582600AE1CDC /* AppDelegate.swift in Sources */,
				CFB4DF732A8B74ED00AE1CDC /* Stylable+UIControl.swift in Sources */,
				CFB4DF3A2A8B582600AE1CDC /* SceneDelegate.swift in Sources */,
				CFB4DF7F2A8B797C00AE1CDC /* Stylable+UIButton.swift in Sources */,
				CFB4DF7B2A8B791E00AE1CDC /* Stylable+UILabel.swift in Sources */,
				CFB4DF5C2A8B686600AE1CDC /* Routable.swift in Sources */,
			);
			runOnlyForDeploymentPostprocessing = 0;
		};
/* End PBXSourcesBuildPhase section */

/* Begin PBXVariantGroup section */
		CFB4DF422A8B582700AE1CDC /* LaunchScreen.storyboard */ = {
			isa = PBXVariantGroup;
			children = (
				CFB4DF432A8B582700AE1CDC /* Base */,
			);
			name = LaunchScreen.storyboard;
			sourceTree = "<group>";
		};
/* End PBXVariantGroup section */

/* Begin XCBuildConfiguration section */
		CFB4DF462A8B582700AE1CDC /* Debug */ = {
			isa = XCBuildConfiguration;
			buildSettings = {
				ALWAYS_SEARCH_USER_PATHS = NO;
				CLANG_ANALYZER_NONNULL = YES;
				CLANG_ANALYZER_NUMBER_OBJECT_CONVERSION = YES_AGGRESSIVE;
				CLANG_CXX_LANGUAGE_STANDARD = "gnu++20";
				CLANG_ENABLE_MODULES = YES;
				CLANG_ENABLE_OBJC_ARC = YES;
				CLANG_ENABLE_OBJC_WEAK = YES;
				CLANG_WARN_BLOCK_CAPTURE_AUTORELEASING = YES;
				CLANG_WARN_BOOL_CONVERSION = YES;
				CLANG_WARN_COMMA = YES;
				CLANG_WARN_CONSTANT_CONVERSION = YES;
				CLANG_WARN_DEPRECATED_OBJC_IMPLEMENTATIONS = YES;
				CLANG_WARN_DIRECT_OBJC_ISA_USAGE = YES_ERROR;
				CLANG_WARN_DOCUMENTATION_COMMENTS = YES;
				CLANG_WARN_EMPTY_BODY = YES;
				CLANG_WARN_ENUM_CONVERSION = YES;
				CLANG_WARN_INFINITE_RECURSION = YES;
				CLANG_WARN_INT_CONVERSION = YES;
				CLANG_WARN_NON_LITERAL_NULL_CONVERSION = YES;
				CLANG_WARN_OBJC_IMPLICIT_RETAIN_SELF = YES;
				CLANG_WARN_OBJC_LITERAL_CONVERSION = YES;
				CLANG_WARN_OBJC_ROOT_CLASS = YES_ERROR;
				CLANG_WARN_QUOTED_INCLUDE_IN_FRAMEWORK_HEADER = YES;
				CLANG_WARN_RANGE_LOOP_ANALYSIS = YES;
				CLANG_WARN_STRICT_PROTOTYPES = YES;
				CLANG_WARN_SUSPICIOUS_MOVE = YES;
				CLANG_WARN_UNGUARDED_AVAILABILITY = YES_AGGRESSIVE;
				CLANG_WARN_UNREACHABLE_CODE = YES;
				CLANG_WARN__DUPLICATE_METHOD_MATCH = YES;
				COPY_PHASE_STRIP = NO;
				DEBUG_INFORMATION_FORMAT = dwarf;
				ENABLE_STRICT_OBJC_MSGSEND = YES;
				ENABLE_TESTABILITY = YES;
				GCC_C_LANGUAGE_STANDARD = gnu11;
				GCC_DYNAMIC_NO_PIC = NO;
				GCC_NO_COMMON_BLOCKS = YES;
				GCC_OPTIMIZATION_LEVEL = 0;
				GCC_PREPROCESSOR_DEFINITIONS = (
					"DEBUG=1",
					"$(inherited)",
				);
				GCC_WARN_64_TO_32_BIT_CONVERSION = YES;
				GCC_WARN_ABOUT_RETURN_TYPE = YES_ERROR;
				GCC_WARN_UNDECLARED_SELECTOR = YES;
				GCC_WARN_UNINITIALIZED_AUTOS = YES_AGGRESSIVE;
				GCC_WARN_UNUSED_FUNCTION = YES;
				GCC_WARN_UNUSED_VARIABLE = YES;
				IPHONEOS_DEPLOYMENT_TARGET = 16.4;
				MTL_ENABLE_DEBUG_INFO = INCLUDE_SOURCE;
				MTL_FAST_MATH = YES;
				ONLY_ACTIVE_ARCH = YES;
				SDKROOT = iphoneos;
				SWIFT_ACTIVE_COMPILATION_CONDITIONS = DEBUG;
				SWIFT_OPTIMIZATION_LEVEL = "-Onone";
			};
			name = Debug;
		};
		CFB4DF472A8B582700AE1CDC /* Release */ = {
			isa = XCBuildConfiguration;
			buildSettings = {
				ALWAYS_SEARCH_USER_PATHS = NO;
				CLANG_ANALYZER_NONNULL = YES;
				CLANG_ANALYZER_NUMBER_OBJECT_CONVERSION = YES_AGGRESSIVE;
				CLANG_CXX_LANGUAGE_STANDARD = "gnu++20";
				CLANG_ENABLE_MODULES = YES;
				CLANG_ENABLE_OBJC_ARC = YES;
				CLANG_ENABLE_OBJC_WEAK = YES;
				CLANG_WARN_BLOCK_CAPTURE_AUTORELEASING = YES;
				CLANG_WARN_BOOL_CONVERSION = YES;
				CLANG_WARN_COMMA = YES;
				CLANG_WARN_CONSTANT_CONVERSION = YES;
				CLANG_WARN_DEPRECATED_OBJC_IMPLEMENTATIONS = YES;
				CLANG_WARN_DIRECT_OBJC_ISA_USAGE = YES_ERROR;
				CLANG_WARN_DOCUMENTATION_COMMENTS = YES;
				CLANG_WARN_EMPTY_BODY = YES;
				CLANG_WARN_ENUM_CONVERSION = YES;
				CLANG_WARN_INFINITE_RECURSION = YES;
				CLANG_WARN_INT_CONVERSION = YES;
				CLANG_WARN_NON_LITERAL_NULL_CONVERSION = YES;
				CLANG_WARN_OBJC_IMPLICIT_RETAIN_SELF = YES;
				CLANG_WARN_OBJC_LITERAL_CONVERSION = YES;
				CLANG_WARN_OBJC_ROOT_CLASS = YES_ERROR;
				CLANG_WARN_QUOTED_INCLUDE_IN_FRAMEWORK_HEADER = YES;
				CLANG_WARN_RANGE_LOOP_ANALYSIS = YES;
				CLANG_WARN_STRICT_PROTOTYPES = YES;
				CLANG_WARN_SUSPICIOUS_MOVE = YES;
				CLANG_WARN_UNGUARDED_AVAILABILITY = YES_AGGRESSIVE;
				CLANG_WARN_UNREACHABLE_CODE = YES;
				CLANG_WARN__DUPLICATE_METHOD_MATCH = YES;
				COPY_PHASE_STRIP = NO;
				DEBUG_INFORMATION_FORMAT = "dwarf-with-dsym";
				ENABLE_NS_ASSERTIONS = NO;
				ENABLE_STRICT_OBJC_MSGSEND = YES;
				GCC_C_LANGUAGE_STANDARD = gnu11;
				GCC_NO_COMMON_BLOCKS = YES;
				GCC_WARN_64_TO_32_BIT_CONVERSION = YES;
				GCC_WARN_ABOUT_RETURN_TYPE = YES_ERROR;
				GCC_WARN_UNDECLARED_SELECTOR = YES;
				GCC_WARN_UNINITIALIZED_AUTOS = YES_AGGRESSIVE;
				GCC_WARN_UNUSED_FUNCTION = YES;
				GCC_WARN_UNUSED_VARIABLE = YES;
				IPHONEOS_DEPLOYMENT_TARGET = 16.4;
				MTL_ENABLE_DEBUG_INFO = NO;
				MTL_FAST_MATH = YES;
				SDKROOT = iphoneos;
				SWIFT_COMPILATION_MODE = wholemodule;
				SWIFT_OPTIMIZATION_LEVEL = "-O";
				VALIDATE_PRODUCT = YES;
			};
			name = Release;
		};
		CFB4DF492A8B582700AE1CDC /* Debug */ = {
			isa = XCBuildConfiguration;
			buildSettings = {
				ASSETCATALOG_COMPILER_APPICON_NAME = AppIcon;
				ASSETCATALOG_COMPILER_GLOBAL_ACCENT_COLOR_NAME = AccentColor;
				CODE_SIGN_STYLE = Automatic;
				CURRENT_PROJECT_VERSION = 1;
				DEVELOPMENT_TEAM = L7KZPDRX49;
				GENERATE_INFOPLIST_FILE = YES;
				INFOPLIST_FILE = Caly/SupportingFiles/Info.plist;
				INFOPLIST_KEY_UIApplicationSupportsIndirectInputEvents = YES;
				INFOPLIST_KEY_UILaunchStoryboardName = LaunchScreen;
				INFOPLIST_KEY_UISupportedInterfaceOrientations_iPad = "UIInterfaceOrientationPortrait UIInterfaceOrientationPortraitUpsideDown UIInterfaceOrientationLandscapeLeft UIInterfaceOrientationLandscapeRight";
				INFOPLIST_KEY_UISupportedInterfaceOrientations_iPhone = "UIInterfaceOrientationPortrait UIInterfaceOrientationLandscapeLeft UIInterfaceOrientationLandscapeRight";
				LD_RUNPATH_SEARCH_PATHS = (
					"$(inherited)",
					"@executable_path/Frameworks",
				);
				MARKETING_VERSION = 1.0;
				PRODUCT_BUNDLE_IDENTIFIER = pmatar.Caly;
				PRODUCT_NAME = "$(TARGET_NAME)";
				SWIFT_EMIT_LOC_STRINGS = YES;
				SWIFT_VERSION = 5.0;
				TARGETED_DEVICE_FAMILY = "1,2";
			};
			name = Debug;
		};
		CFB4DF4A2A8B582700AE1CDC /* Release */ = {
			isa = XCBuildConfiguration;
			buildSettings = {
				ASSETCATALOG_COMPILER_APPICON_NAME = AppIcon;
				ASSETCATALOG_COMPILER_GLOBAL_ACCENT_COLOR_NAME = AccentColor;
				CODE_SIGN_STYLE = Automatic;
				CURRENT_PROJECT_VERSION = 1;
				DEVELOPMENT_TEAM = L7KZPDRX49;
				GENERATE_INFOPLIST_FILE = YES;
				INFOPLIST_FILE = Caly/SupportingFiles/Info.plist;
				INFOPLIST_KEY_UIApplicationSupportsIndirectInputEvents = YES;
				INFOPLIST_KEY_UILaunchStoryboardName = LaunchScreen;
				INFOPLIST_KEY_UISupportedInterfaceOrientations_iPad = "UIInterfaceOrientationPortrait UIInterfaceOrientationPortraitUpsideDown UIInterfaceOrientationLandscapeLeft UIInterfaceOrientationLandscapeRight";
				INFOPLIST_KEY_UISupportedInterfaceOrientations_iPhone = "UIInterfaceOrientationPortrait UIInterfaceOrientationLandscapeLeft UIInterfaceOrientationLandscapeRight";
				LD_RUNPATH_SEARCH_PATHS = (
					"$(inherited)",
					"@executable_path/Frameworks",
				);
				MARKETING_VERSION = 1.0;
				PRODUCT_BUNDLE_IDENTIFIER = pmatar.Caly;
				PRODUCT_NAME = "$(TARGET_NAME)";
				SWIFT_EMIT_LOC_STRINGS = YES;
				SWIFT_VERSION = 5.0;
				TARGETED_DEVICE_FAMILY = "1,2";
			};
			name = Release;
		};
/* End XCBuildConfiguration section */

/* Begin XCConfigurationList section */
		CFB4DF2F2A8B582500AE1CDC /* Build configuration list for PBXProject "Caly" */ = {
			isa = XCConfigurationList;
			buildConfigurations = (
				CFB4DF462A8B582700AE1CDC /* Debug */,
				CFB4DF472A8B582700AE1CDC /* Release */,
			);
			defaultConfigurationIsVisible = 0;
			defaultConfigurationName = Release;
		};
		CFB4DF482A8B582700AE1CDC /* Build configuration list for PBXNativeTarget "Caly" */ = {
			isa = XCConfigurationList;
			buildConfigurations = (
				CFB4DF492A8B582700AE1CDC /* Debug */,
				CFB4DF4A2A8B582700AE1CDC /* Release */,
			);
			defaultConfigurationIsVisible = 0;
			defaultConfigurationName = Release;
		};
/* End XCConfigurationList section */
	};
	rootObject = CFB4DF2C2A8B582500AE1CDC /* Project object */;
}
